
Microsoft Visual Studio Solution File, Format Version 12.00
# Visual Studio Version 17
VisualStudioVersion = 17.6.33829.357
MinimumVisualStudioVersion = 10.0.40219.1
Project("{FAE04EC0-301F-11D3-BF4B-00C04F79EFBC}") = "diary-wfa", "diary-wfa\diary-wfa.csproj", "{7467C2A3-E715-42DA-B4F4-52291F720CCD}"
EndProject
Global
	GlobalSection(SolutionConfigurationPlatforms) = preSolution
		Debug|Any CPU = Debug|Any CPU
		Release|Any CPU = Release|Any CPU
	EndGlobalSection
	GlobalSection(ProjectConfigurationPlatforms) = postSolution
		{7467C2A3-E715-42DA-B4F4-52291F720CCD}.Debug|Any CPU.ActiveCfg = Debug|Any CPU
		{7467C2A3-E715-42DA-B4F4-52291F720CCD}.Debug|Any CPU.Build.0 = Debug|Any CPU
		{7467C2A3-E715-42DA-B4F4-52291F720CCD}.Release|Any CPU.ActiveCfg = Release|Any CPU
		{7467C2A3-E715-42DA-B4F4-52291F720CCD}.Release|Any CPU.Build.0 = Release|Any CPU
	EndGlobalSection
	GlobalSection(SolutionProperties) = preSolution
		HideSolutionNode = FALSE
	EndGlobalSection
	GlobalSection(ExtensibilityGlobals) = postSolution
		SolutionGuid = {2FCA5F0E-791B-4049-B5C8-FC46E7E90304}
	EndGlobalSection
EndGlobal
